// !$*UTF8*$!
{
	archiveVersion = 1;
	classes = {
	};
	objectVersion = 56;
	objects = {

/* Begin PBXBuildFile section */
		E51BC0D62B7A74E3006DF973 /* AppDelegate.swift in Sources */ = {isa = PBXBuildFile; fileRef = E51BC0D52B7A74E3006DF973 /* AppDelegate.swift */; };
		E51BC0D82B7A74E3006DF973 /* SceneDelegate.swift in Sources */ = {isa = PBXBuildFile; fileRef = E51BC0D72B7A74E3006DF973 /* SceneDelegate.swift */; };
		E51BC0DA2B7A74E3006DF973 /* ViewController.swift in Sources */ = {isa = PBXBuildFile; fileRef = E51BC0D92B7A74E3006DF973 /* ViewController.swift */; };
		E51BC0DD2B7A74E3006DF973 /* Main.storyboard in Resources */ = {isa = PBXBuildFile; fileRef = E51BC0DB2B7A74E3006DF973 /* Main.storyboard */; };
		E51BC0DF2B7A74E4006DF973 /* Assets.xcassets in Resources */ = {isa = PBXBuildFile; fileRef = E51BC0DE2B7A74E4006DF973 /* Assets.xcassets */; };
		E51BC0E22B7A74E4006DF973 /* LaunchScreen.storyboard in Resources */ = {isa = PBXBuildFile; fileRef = E51BC0E02B7A74E4006DF973 /* LaunchScreen.storyboard */; };
		E55C87DE2B7AA62900B73E14 /* MovieListViewController.swift in Sources */ = {isa = PBXBuildFile; fileRef = E55C87D92B7AA62900B73E14 /* MovieListViewController.swift */; };
		E55C87DF2B7AA62900B73E14 /* MovieListRepository.swift in Sources */ = {isa = PBXBuildFile; fileRef = E55C87DA2B7AA62900B73E14 /* MovieListRepository.swift */; };
		E55C87E02B7AA62900B73E14 /* MovieListBuilder.swift in Sources */ = {isa = PBXBuildFile; fileRef = E55C87DB2B7AA62900B73E14 /* MovieListBuilder.swift */; };
		E55C87E12B7AA62900B73E14 /* MovieListViewModel.swift in Sources */ = {isa = PBXBuildFile; fileRef = E55C87DC2B7AA62900B73E14 /* MovieListViewModel.swift */; };
		E55C87E22B7AA62900B73E14 /* MovieListViewController.xib in Resources */ = {isa = PBXBuildFile; fileRef = E55C87DD2B7AA62900B73E14 /* MovieListViewController.xib */; };
		E55C87EC2B7AAA7400B73E14 /* MovieListTableViewCell.swift in Sources */ = {isa = PBXBuildFile; fileRef = E55C87EA2B7AAA7400B73E14 /* MovieListTableViewCell.swift */; };
		E55C87ED2B7AAA7400B73E14 /* MovieListTableViewCell.xib in Resources */ = {isa = PBXBuildFile; fileRef = E55C87EB2B7AAA7400B73E14 /* MovieListTableViewCell.xib */; };
		E55C87F02B7AAD1E00B73E14 /* MovieListTableViewDataSource.swift in Sources */ = {isa = PBXBuildFile; fileRef = E55C87EF2B7AAD1E00B73E14 /* MovieListTableViewDataSource.swift */; };
		E55C87F22B7AAD4600B73E14 /* MovieListTableViewDelegate.swift in Sources */ = {isa = PBXBuildFile; fileRef = E55C87F12B7AAD4600B73E14 /* MovieListTableViewDelegate.swift */; };
		E55C87F42B7AC01C00B73E14 /* MovieAppModule.xctemplate.zip in Resources */ = {isa = PBXBuildFile; fileRef = E55C87F32B7AC01C00B73E14 /* MovieAppModule.xctemplate.zip */; };
		E55C87F72B7AC27400B73E14 /* Movies.swift in Sources */ = {isa = PBXBuildFile; fileRef = E55C87F62B7AC27400B73E14 /* Movies.swift */; };
		E55C87F92B7AC2F400B73E14 /* MoviesUIModel.swift in Sources */ = {isa = PBXBuildFile; fileRef = E55C87F82B7AC2F400B73E14 /* MoviesUIModel.swift */; };
		E55C87FC2B7AC67400B73E14 /* Kingfisher in Frameworks */ = {isa = PBXBuildFile; productRef = E55C87FB2B7AC67400B73E14 /* Kingfisher */; };
		E571B8982B7A841400740201 /* Moya in Frameworks */ = {isa = PBXBuildFile; productRef = E571B8972B7A841400740201 /* Moya */; };
		E571B89F2B7A88A800740201 /* BaseManager.swift in Sources */ = {isa = PBXBuildFile; fileRef = E571B89E2B7A88A800740201 /* BaseManager.swift */; };
		E571B8A12B7A890A00740201 /* Definitions.swift in Sources */ = {isa = PBXBuildFile; fileRef = E571B8A02B7A890A00740201 /* Definitions.swift */; };
		E571B8A32B7A893700740201 /* NetworkUtil.swift in Sources */ = {isa = PBXBuildFile; fileRef = E571B8A22B7A893700740201 /* NetworkUtil.swift */; };
		E571B8A52B7A8B4400740201 /* MovieAPI.swift in Sources */ = {isa = PBXBuildFile; fileRef = E571B8A42B7A8B4400740201 /* MovieAPI.swift */; };
		E571B8A82B7A8BB900740201 /* MoviesNetworkManager.swift in Sources */ = {isa = PBXBuildFile; fileRef = E571B8A72B7A8BB900740201 /* MoviesNetworkManager.swift */; };
/* End PBXBuildFile section */

/* Begin PBXFileReference section */
		E51BC0D22B7A74E3006DF973 /* MovieApp.app */ = {isa = PBXFileReference; explicitFileType = wrapper.application; includeInIndex = 0; path = MovieApp.app; sourceTree = BUILT_PRODUCTS_DIR; };
		E51BC0D52B7A74E3006DF973 /* AppDelegate.swift */ = {isa = PBXFileReference; lastKnownFileType = sourcecode.swift; path = AppDelegate.swift; sourceTree = "<group>"; };
		E51BC0D72B7A74E3006DF973 /* SceneDelegate.swift */ = {isa = PBXFileReference; lastKnownFileType = sourcecode.swift; path = SceneDelegate.swift; sourceTree = "<group>"; };
		E51BC0D92B7A74E3006DF973 /* ViewController.swift */ = {isa = PBXFileReference; lastKnownFileType = sourcecode.swift; path = ViewController.swift; sourceTree = "<group>"; };
		E51BC0DC2B7A74E3006DF973 /* Base */ = {isa = PBXFileReference; lastKnownFileType = file.storyboard; name = Base; path = Base.lproj/Main.storyboard; sourceTree = "<group>"; };
		E51BC0DE2B7A74E4006DF973 /* Assets.xcassets */ = {isa = PBXFileReference; lastKnownFileType = folder.assetcatalog; path = Assets.xcassets; sourceTree = "<group>"; };
		E51BC0E12B7A74E4006DF973 /* Base */ = {isa = PBXFileReference; lastKnownFileType = file.storyboard; name = Base; path = Base.lproj/LaunchScreen.storyboard; sourceTree = "<group>"; };
		E51BC0E32B7A74E4006DF973 /* Info.plist */ = {isa = PBXFileReference; lastKnownFileType = text.plist.xml; path = Info.plist; sourceTree = "<group>"; };
		E51BC0EE2B7A78ED006DF973 /* MovieAppTemplate.md */ = {isa = PBXFileReference; lastKnownFileType = net.daringfireball.markdown; path = MovieAppTemplate.md; sourceTree = "<group>"; };
		E55C87D92B7AA62900B73E14 /* MovieListViewController.swift */ = {isa = PBXFileReference; lastKnownFileType = sourcecode.swift; path = MovieListViewController.swift; sourceTree = "<group>"; };
		E55C87DA2B7AA62900B73E14 /* MovieListRepository.swift */ = {isa = PBXFileReference; lastKnownFileType = sourcecode.swift; path = MovieListRepository.swift; sourceTree = "<group>"; };
		E55C87DB2B7AA62900B73E14 /* MovieListBuilder.swift */ = {isa = PBXFileReference; lastKnownFileType = sourcecode.swift; path = MovieListBuilder.swift; sourceTree = "<group>"; };
		E55C87DC2B7AA62900B73E14 /* MovieListViewModel.swift */ = {isa = PBXFileReference; lastKnownFileType = sourcecode.swift; path = MovieListViewModel.swift; sourceTree = "<group>"; };
		E55C87DD2B7AA62900B73E14 /* MovieListViewController.xib */ = {isa = PBXFileReference; lastKnownFileType = file.xib; path = MovieListViewController.xib; sourceTree = "<group>"; };
		E55C87EA2B7AAA7400B73E14 /* MovieListTableViewCell.swift */ = {isa = PBXFileReference; lastKnownFileType = sourcecode.swift; path = MovieListTableViewCell.swift; sourceTree = "<group>"; };
		E55C87EB2B7AAA7400B73E14 /* MovieListTableViewCell.xib */ = {isa = PBXFileReference; lastKnownFileType = file.xib; path = MovieListTableViewCell.xib; sourceTree = "<group>"; };
		E55C87EF2B7AAD1E00B73E14 /* MovieListTableViewDataSource.swift */ = {isa = PBXFileReference; lastKnownFileType = sourcecode.swift; path = MovieListTableViewDataSource.swift; sourceTree = "<group>"; };
		E55C87F12B7AAD4600B73E14 /* MovieListTableViewDelegate.swift */ = {isa = PBXFileReference; lastKnownFileType = sourcecode.swift; path = MovieListTableViewDelegate.swift; sourceTree = "<group>"; };
		E55C87F32B7AC01C00B73E14 /* MovieAppModule.xctemplate.zip */ = {isa = PBXFileReference; lastKnownFileType = archive.zip; path = MovieAppModule.xctemplate.zip; sourceTree = "<group>"; };
		E55C87F62B7AC27400B73E14 /* Movies.swift */ = {isa = PBXFileReference; lastKnownFileType = sourcecode.swift; path = Movies.swift; sourceTree = "<group>"; };
		E55C87F82B7AC2F400B73E14 /* MoviesUIModel.swift */ = {isa = PBXFileReference; lastKnownFileType = sourcecode.swift; path = MoviesUIModel.swift; sourceTree = "<group>"; };
		E571B89E2B7A88A800740201 /* BaseManager.swift */ = {isa = PBXFileReference; lastKnownFileType = sourcecode.swift; path = BaseManager.swift; sourceTree = "<group>"; };
		E571B8A02B7A890A00740201 /* Definitions.swift */ = {isa = PBXFileReference; lastKnownFileType = sourcecode.swift; path = Definitions.swift; sourceTree = "<group>"; };
		E571B8A22B7A893700740201 /* NetworkUtil.swift */ = {isa = PBXFileReference; lastKnownFileType = sourcecode.swift; path = NetworkUtil.swift; sourceTree = "<group>"; };
		E571B8A42B7A8B4400740201 /* MovieAPI.swift */ = {isa = PBXFileReference; lastKnownFileType = sourcecode.swift; path = MovieAPI.swift; sourceTree = "<group>"; };
		E571B8A72B7A8BB900740201 /* MoviesNetworkManager.swift */ = {isa = PBXFileReference; lastKnownFileType = sourcecode.swift; path = MoviesNetworkManager.swift; sourceTree = "<group>"; };
/* End PBXFileReference section */

/* Begin PBXFrameworksBuildPhase section */
		E51BC0CF2B7A74E3006DF973 /* Frameworks */ = {
			isa = PBXFrameworksBuildPhase;
			buildActionMask = 2147483647;
			files = (
				E55C87FC2B7AC67400B73E14 /* Kingfisher in Frameworks */,
				E571B8982B7A841400740201 /* Moya in Frameworks */,
			);
			runOnlyForDeploymentPostprocessing = 0;
		};
/* End PBXFrameworksBuildPhase section */

/* Begin PBXGroup section */
		E51BC0C92B7A74E3006DF973 = {
			isa = PBXGroup;
			children = (
				E51BC0D42B7A74E3006DF973 /* MovieApp */,
				E51BC0D32B7A74E3006DF973 /* Products */,
			);
			sourceTree = "<group>";
		};
		E51BC0D32B7A74E3006DF973 /* Products */ = {
			isa = PBXGroup;
			children = (
				E51BC0D22B7A74E3006DF973 /* MovieApp.app */,
			);
			name = Products;
			sourceTree = "<group>";
		};
		E51BC0D42B7A74E3006DF973 /* MovieApp */ = {
			isa = PBXGroup;
			children = (
				E51BC0EB2B7A789D006DF973 /* Template */,
				E571B8992B7A885B00740201 /* NetworkLayer */,
				E51BC0E92B7A773D006DF973 /* ViewControllers */,
				E51BC0D52B7A74E3006DF973 /* AppDelegate.swift */,
				E51BC0D72B7A74E3006DF973 /* SceneDelegate.swift */,
				E51BC0DE2B7A74E4006DF973 /* Assets.xcassets */,
				E51BC0E02B7A74E4006DF973 /* LaunchScreen.storyboard */,
				E51BC0E32B7A74E4006DF973 /* Info.plist */,
			);
			path = MovieApp;
			sourceTree = "<group>";
		};
		E51BC0E92B7A773D006DF973 /* ViewControllers */ = {
			isa = PBXGroup;
			children = (
				E55C87D82B7AA61400B73E14 /* MovieListViewController */,
				E51BC0EA2B7A7766006DF973 /* SplashViewController */,
			);
			path = ViewControllers;
			sourceTree = "<group>";
		};
		E51BC0EA2B7A7766006DF973 /* SplashViewController */ = {
			isa = PBXGroup;
			children = (
				E51BC0D92B7A74E3006DF973 /* ViewController.swift */,
				E51BC0DB2B7A74E3006DF973 /* Main.storyboard */,
			);
			path = SplashViewController;
			sourceTree = "<group>";
		};
		E51BC0EB2B7A789D006DF973 /* Template */ = {
			isa = PBXGroup;
			children = (
				E51BC0EE2B7A78ED006DF973 /* MovieAppTemplate.md */,
				E55C87F32B7AC01C00B73E14 /* MovieAppModule.xctemplate.zip */,
			);
			path = Template;
			sourceTree = "<group>";
		};
		E55C87D82B7AA61400B73E14 /* MovieListViewController */ = {
			isa = PBXGroup;
			children = (
				E55C87F52B7AC25D00B73E14 /* Model */,
				E55C87E82B7AA67000B73E14 /* Builder */,
				E55C87E72B7AA66900B73E14 /* Repository */,
				E55C87E62B7AA65900B73E14 /* ViewModel */,
				E55C87E42B7AA64600B73E14 /* View */,
			);
			path = MovieListViewController;
			sourceTree = "<group>";
		};
		E55C87E42B7AA64600B73E14 /* View */ = {
			isa = PBXGroup;
			children = (
				E55C87EE2B7AACFE00B73E14 /* Delegate&DataSource */,
				E55C87E92B7AAA5A00B73E14 /* Cell */,
				E55C87D92B7AA62900B73E14 /* MovieListViewController.swift */,
				E55C87DD2B7AA62900B73E14 /* MovieListViewController.xib */,
			);
			path = View;
			sourceTree = "<group>";
		};
		E55C87E62B7AA65900B73E14 /* ViewModel */ = {
			isa = PBXGroup;
			children = (
				E55C87DC2B7AA62900B73E14 /* MovieListViewModel.swift */,
			);
			path = ViewModel;
			sourceTree = "<group>";
		};
		E55C87E72B7AA66900B73E14 /* Repository */ = {
			isa = PBXGroup;
			children = (
				E55C87DA2B7AA62900B73E14 /* MovieListRepository.swift */,
			);
			path = Repository;
			sourceTree = "<group>";
		};
		E55C87E82B7AA67000B73E14 /* Builder */ = {
			isa = PBXGroup;
			children = (
				E55C87DB2B7AA62900B73E14 /* MovieListBuilder.swift */,
			);
			path = Builder;
			sourceTree = "<group>";
		};
		E55C87E92B7AAA5A00B73E14 /* Cell */ = {
			isa = PBXGroup;
			children = (
				E55C87EA2B7AAA7400B73E14 /* MovieListTableViewCell.swift */,
				E55C87EB2B7AAA7400B73E14 /* MovieListTableViewCell.xib */,
			);
			path = Cell;
			sourceTree = "<group>";
		};
		E55C87EE2B7AACFE00B73E14 /* Delegate&DataSource */ = {
			isa = PBXGroup;
			children = (
				E55C87EF2B7AAD1E00B73E14 /* MovieListTableViewDataSource.swift */,
				E55C87F12B7AAD4600B73E14 /* MovieListTableViewDelegate.swift */,
			);
			path = "Delegate&DataSource";
			sourceTree = "<group>";
		};
		E55C87F52B7AC25D00B73E14 /* Model */ = {
			isa = PBXGroup;
			children = (
				E55C87F62B7AC27400B73E14 /* Movies.swift */,
				E55C87F82B7AC2F400B73E14 /* MoviesUIModel.swift */,
			);
			path = Model;
			sourceTree = "<group>";
		};
		E571B8992B7A885B00740201 /* NetworkLayer */ = {
			isa = PBXGroup;
			children = (
				E571B89D2B7A889000740201 /* API */,
				E571B89C2B7A888600740201 /* Manager */,
				E571B89B2B7A887700740201 /* Definitions */,
				E571B89A2B7A886600740201 /* BaseManager */,
			);
			path = NetworkLayer;
			sourceTree = "<group>";
		};
		E571B89A2B7A886600740201 /* BaseManager */ = {
			isa = PBXGroup;
			children = (
				E571B89E2B7A88A800740201 /* BaseManager.swift */,
			);
			path = BaseManager;
			sourceTree = "<group>";
		};
		E571B89B2B7A887700740201 /* Definitions */ = {
			isa = PBXGroup;
			children = (
				E571B8A02B7A890A00740201 /* Definitions.swift */,
				E571B8A22B7A893700740201 /* NetworkUtil.swift */,
			);
			path = Definitions;
			sourceTree = "<group>";
		};
		E571B89C2B7A888600740201 /* Manager */ = {
			isa = PBXGroup;
			children = (
				E571B8A72B7A8BB900740201 /* MoviesNetworkManager.swift */,
			);
			path = Manager;
			sourceTree = "<group>";
		};
		E571B89D2B7A889000740201 /* API */ = {
			isa = PBXGroup;
			children = (
				E571B8A42B7A8B4400740201 /* MovieAPI.swift */,
			);
			path = API;
			sourceTree = "<group>";
		};
/* End PBXGroup section */

/* Begin PBXNativeTarget section */
		E51BC0D12B7A74E3006DF973 /* MovieApp */ = {
			isa = PBXNativeTarget;
			buildConfigurationList = E51BC0E62B7A74E4006DF973 /* Build configuration list for PBXNativeTarget "MovieApp" */;
			buildPhases = (
				E51BC0CE2B7A74E3006DF973 /* Sources */,
				E51BC0CF2B7A74E3006DF973 /* Frameworks */,
				E51BC0D02B7A74E3006DF973 /* Resources */,
			);
			buildRules = (
			);
			dependencies = (
			);
			name = MovieApp;
			packageProductDependencies = (
				E571B8972B7A841400740201 /* Moya */,
				E55C87FB2B7AC67400B73E14 /* Kingfisher */,
			);
			productName = MovieApp;
			productReference = E51BC0D22B7A74E3006DF973 /* MovieApp.app */;
			productType = "com.apple.product-type.application";
		};
/* End PBXNativeTarget section */

/* Begin PBXProject section */
		E51BC0CA2B7A74E3006DF973 /* Project object */ = {
			isa = PBXProject;
			attributes = {
				BuildIndependentTargetsInParallel = 1;
				LastSwiftUpdateCheck = 1430;
				LastUpgradeCheck = 1430;
				TargetAttributes = {
					E51BC0D12B7A74E3006DF973 = {
						CreatedOnToolsVersion = 14.3.1;
					};
				};
			};
			buildConfigurationList = E51BC0CD2B7A74E3006DF973 /* Build configuration list for PBXProject "MovieApp" */;
			compatibilityVersion = "Xcode 14.0";
			developmentRegion = en;
			hasScannedForEncodings = 0;
			knownRegions = (
				en,
				Base,
			);
			mainGroup = E51BC0C92B7A74E3006DF973;
			packageReferences = (
				E571B8962B7A841400740201 /* XCRemoteSwiftPackageReference "Moya" */,
				E55C87FA2B7AC67400B73E14 /* XCRemoteSwiftPackageReference "Kingfisher" */,
			);
			productRefGroup = E51BC0D32B7A74E3006DF973 /* Products */;
			projectDirPath = "";
			projectRoot = "";
			targets = (
				E51BC0D12B7A74E3006DF973 /* MovieApp */,
			);
		};
/* End PBXProject section */

/* Begin PBXResourcesBuildPhase section */
		E51BC0D02B7A74E3006DF973 /* Resources */ = {
			isa = PBXResourcesBuildPhase;
			buildActionMask = 2147483647;
			files = (
				E51BC0E22B7A74E4006DF973 /* LaunchScreen.storyboard in Resources */,
				E51BC0DF2B7A74E4006DF973 /* Assets.xcassets in Resources */,
				E55C87ED2B7AAA7400B73E14 /* MovieListTableViewCell.xib in Resources */,
				E51BC0DD2B7A74E3006DF973 /* Main.storyboard in Resources */,
				E55C87F42B7AC01C00B73E14 /* MovieAppModule.xctemplate.zip in Resources */,
				E55C87E22B7AA62900B73E14 /* MovieListViewController.xib in Resources */,
			);
			runOnlyForDeploymentPostprocessing = 0;
		};
/* End PBXResourcesBuildPhase section */

/* Begin PBXSourcesBuildPhase section */
		E51BC0CE2B7A74E3006DF973 /* Sources */ = {
			isa = PBXSourcesBuildPhase;
			buildActionMask = 2147483647;
			files = (
				E51BC0DA2B7A74E3006DF973 /* ViewController.swift in Sources */,
				E571B8A52B7A8B4400740201 /* MovieAPI.swift in Sources */,
				E51BC0D62B7A74E3006DF973 /* AppDelegate.swift in Sources */,
				E571B8A32B7A893700740201 /* NetworkUtil.swift in Sources */,
				E55C87E02B7AA62900B73E14 /* MovieListBuilder.swift in Sources */,
				E571B89F2B7A88A800740201 /* BaseManager.swift in Sources */,
				E571B8A82B7A8BB900740201 /* MoviesNetworkManager.swift in Sources */,
				E55C87DF2B7AA62900B73E14 /* MovieListRepository.swift in Sources */,
				E55C87F92B7AC2F400B73E14 /* MoviesUIModel.swift in Sources */,
				E55C87EC2B7AAA7400B73E14 /* MovieListTableViewCell.swift in Sources */,
				E55C87DE2B7AA62900B73E14 /* MovieListViewController.swift in Sources */,
				E55C87F72B7AC27400B73E14 /* Movies.swift in Sources */,
				E571B8A12B7A890A00740201 /* Definitions.swift in Sources */,
				E55C87F22B7AAD4600B73E14 /* MovieListTableViewDelegate.swift in Sources */,
				E51BC0D82B7A74E3006DF973 /* SceneDelegate.swift in Sources */,
				E55C87E12B7AA62900B73E14 /* MovieListViewModel.swift in Sources */,
				E55C87F02B7AAD1E00B73E14 /* MovieListTableViewDataSource.swift in Sources */,
			);
			runOnlyForDeploymentPostprocessing = 0;
		};
/* End PBXSourcesBuildPhase section */

/* Begin PBXVariantGroup section */
		E51BC0DB2B7A74E3006DF973 /* Main.storyboard */ = {
			isa = PBXVariantGroup;
			children = (
				E51BC0DC2B7A74E3006DF973 /* Base */,
			);
			name = Main.storyboard;
			sourceTree = "<group>";
		};
		E51BC0E02B7A74E4006DF973 /* LaunchScreen.storyboard */ = {
			isa = PBXVariantGroup;
			children = (
				E51BC0E12B7A74E4006DF973 /* Base */,
			);
			name = LaunchScreen.storyboard;
			sourceTree = "<group>";
		};
/* End PBXVariantGroup section */

/* Begin XCBuildConfiguration section */
		E51BC0E42B7A74E4006DF973 /* Debug */ = {
			isa = XCBuildConfiguration;
			buildSettings = {
				ALWAYS_SEARCH_USER_PATHS = NO;
				CLANG_ANALYZER_NONNULL = YES;
				CLANG_ANALYZER_NUMBER_OBJECT_CONVERSION = YES_AGGRESSIVE;
				CLANG_CXX_LANGUAGE_STANDARD = "gnu++20";
				CLANG_ENABLE_MODULES = YES;
				CLANG_ENABLE_OBJC_ARC = YES;
				CLANG_ENABLE_OBJC_WEAK = YES;
				CLANG_WARN_BLOCK_CAPTURE_AUTORELEASING = YES;
				CLANG_WARN_BOOL_CONVERSION = YES;
				CLANG_WARN_COMMA = YES;
				CLANG_WARN_CONSTANT_CONVERSION = YES;
				CLANG_WARN_DEPRECATED_OBJC_IMPLEMENTATIONS = YES;
				CLANG_WARN_DIRECT_OBJC_ISA_USAGE = YES_ERROR;
				CLANG_WARN_DOCUMENTATION_COMMENTS = YES;
				CLANG_WARN_EMPTY_BODY = YES;
				CLANG_WARN_ENUM_CONVERSION = YES;
				CLANG_WARN_INFINITE_RECURSION = YES;
				CLANG_WARN_INT_CONVERSION = YES;
				CLANG_WARN_NON_LITERAL_NULL_CONVERSION = YES;
				CLANG_WARN_OBJC_IMPLICIT_RETAIN_SELF = YES;
				CLANG_WARN_OBJC_LITERAL_CONVERSION = YES;
				CLANG_WARN_OBJC_ROOT_CLASS = YES_ERROR;
				CLANG_WARN_QUOTED_INCLUDE_IN_FRAMEWORK_HEADER = YES;
				CLANG_WARN_RANGE_LOOP_ANALYSIS = YES;
				CLANG_WARN_STRICT_PROTOTYPES = YES;
				CLANG_WARN_SUSPICIOUS_MOVE = YES;
				CLANG_WARN_UNGUARDED_AVAILABILITY = YES_AGGRESSIVE;
				CLANG_WARN_UNREACHABLE_CODE = YES;
				CLANG_WARN__DUPLICATE_METHOD_MATCH = YES;
				COPY_PHASE_STRIP = NO;
				DEBUG_INFORMATION_FORMAT = dwarf;
				ENABLE_STRICT_OBJC_MSGSEND = YES;
				ENABLE_TESTABILITY = YES;
				GCC_C_LANGUAGE_STANDARD = gnu11;
				GCC_DYNAMIC_NO_PIC = NO;
				GCC_NO_COMMON_BLOCKS = YES;
				GCC_OPTIMIZATION_LEVEL = 0;
				GCC_PREPROCESSOR_DEFINITIONS = (
					"DEBUG=1",
					"$(inherited)",
				);
				GCC_WARN_64_TO_32_BIT_CONVERSION = YES;
				GCC_WARN_ABOUT_RETURN_TYPE = YES_ERROR;
				GCC_WARN_UNDECLARED_SELECTOR = YES;
				GCC_WARN_UNINITIALIZED_AUTOS = YES_AGGRESSIVE;
				GCC_WARN_UNUSED_FUNCTION = YES;
				GCC_WARN_UNUSED_VARIABLE = YES;
				IPHONEOS_DEPLOYMENT_TARGET = 16.4;
				MTL_ENABLE_DEBUG_INFO = INCLUDE_SOURCE;
				MTL_FAST_MATH = YES;
				ONLY_ACTIVE_ARCH = YES;
				SDKROOT = iphoneos;
				SWIFT_ACTIVE_COMPILATION_CONDITIONS = DEBUG;
				SWIFT_OPTIMIZATION_LEVEL = "-Onone";
			};
			name = Debug;
		};
		E51BC0E52B7A74E4006DF973 /* Release */ = {
			isa = XCBuildConfiguration;
			buildSettings = {
				ALWAYS_SEARCH_USER_PATHS = NO;
				CLANG_ANALYZER_NONNULL = YES;
				CLANG_ANALYZER_NUMBER_OBJECT_CONVERSION = YES_AGGRESSIVE;
				CLANG_CXX_LANGUAGE_STANDARD = "gnu++20";
				CLANG_ENABLE_MODULES = YES;
				CLANG_ENABLE_OBJC_ARC = YES;
				CLANG_ENABLE_OBJC_WEAK = YES;
				CLANG_WARN_BLOCK_CAPTURE_AUTORELEASING = YES;
				CLANG_WARN_BOOL_CONVERSION = YES;
				CLANG_WARN_COMMA = YES;
				CLANG_WARN_CONSTANT_CONVERSION = YES;
				CLANG_WARN_DEPRECATED_OBJC_IMPLEMENTATIONS = YES;
				CLANG_WARN_DIRECT_OBJC_ISA_USAGE = YES_ERROR;
				CLANG_WARN_DOCUMENTATION_COMMENTS = YES;
				CLANG_WARN_EMPTY_BODY = YES;
				CLANG_WARN_ENUM_CONVERSION = YES;
				CLANG_WARN_INFINITE_RECURSION = YES;
				CLANG_WARN_INT_CONVERSION = YES;
				CLANG_WARN_NON_LITERAL_NULL_CONVERSION = YES;
				CLANG_WARN_OBJC_IMPLICIT_RETAIN_SELF = YES;
				CLANG_WARN_OBJC_LITERAL_CONVERSION = YES;
				CLANG_WARN_OBJC_ROOT_CLASS = YES_ERROR;
				CLANG_WARN_QUOTED_INCLUDE_IN_FRAMEWORK_HEADER = YES;
				CLANG_WARN_RANGE_LOOP_ANALYSIS = YES;
				CLANG_WARN_STRICT_PROTOTYPES = YES;
				CLANG_WARN_SUSPICIOUS_MOVE = YES;
				CLANG_WARN_UNGUARDED_AVAILABILITY = YES_AGGRESSIVE;
				CLANG_WARN_UNREACHABLE_CODE = YES;
				CLANG_WARN__DUPLICATE_METHOD_MATCH = YES;
				COPY_PHASE_STRIP = NO;
				DEBUG_INFORMATION_FORMAT = "dwarf-with-dsym";
				ENABLE_NS_ASSERTIONS = NO;
				ENABLE_STRICT_OBJC_MSGSEND = YES;
				GCC_C_LANGUAGE_STANDARD = gnu11;
				GCC_NO_COMMON_BLOCKS = YES;
				GCC_WARN_64_TO_32_BIT_CONVERSION = YES;
				GCC_WARN_ABOUT_RETURN_TYPE = YES_ERROR;
				GCC_WARN_UNDECLARED_SELECTOR = YES;
				GCC_WARN_UNINITIALIZED_AUTOS = YES_AGGRESSIVE;
				GCC_WARN_UNUSED_FUNCTION = YES;
				GCC_WARN_UNUSED_VARIABLE = YES;
				IPHONEOS_DEPLOYMENT_TARGET = 16.4;
				MTL_ENABLE_DEBUG_INFO = NO;
				MTL_FAST_MATH = YES;
				SDKROOT = iphoneos;
				SWIFT_COMPILATION_MODE = wholemodule;
				SWIFT_OPTIMIZATION_LEVEL = "-O";
				VALIDATE_PRODUCT = YES;
			};
			name = Release;
		};
		E51BC0E72B7A74E4006DF973 /* Debug */ = {
			isa = XCBuildConfiguration;
			buildSettings = {
				ASSETCATALOG_COMPILER_APPICON_NAME = AppIcon;
				ASSETCATALOG_COMPILER_GLOBAL_ACCENT_COLOR_NAME = AccentColor;
				CODE_SIGN_STYLE = Automatic;
				CURRENT_PROJECT_VERSION = 1;
				DEVELOPMENT_TEAM = 2A5XAKZYWS;
				GENERATE_INFOPLIST_FILE = YES;
				INFOPLIST_FILE = MovieApp/Info.plist;
				INFOPLIST_KEY_UIApplicationSupportsIndirectInputEvents = YES;
				INFOPLIST_KEY_UILaunchStoryboardName = LaunchScreen;
				INFOPLIST_KEY_UIMainStoryboardFile = Main;
				INFOPLIST_KEY_UISupportedInterfaceOrientations_iPad = "UIInterfaceOrientationPortrait UIInterfaceOrientationPortraitUpsideDown UIInterfaceOrientationLandscapeLeft UIInterfaceOrientationLandscapeRight";
				INFOPLIST_KEY_UISupportedInterfaceOrientations_iPhone = "UIInterfaceOrientationPortrait UIInterfaceOrientationLandscapeLeft UIInterfaceOrientationLandscapeRight";
				LD_RUNPATH_SEARCH_PATHS = (
					"$(inherited)",
					"@executable_path/Frameworks",
				);
				MARKETING_VERSION = 1.0;
				PRODUCT_BUNDLE_IDENTIFIER = com.erimsengezer.MovieApp;
				PRODUCT_NAME = "$(TARGET_NAME)";
				SWIFT_EMIT_LOC_STRINGS = YES;
				SWIFT_VERSION = 5.0;
				TARGETED_DEVICE_FAMILY = "1,2";
			};
			name = Debug;
		};
		E51BC0E82B7A74E4006DF973 /* Release */ = {
			isa = XCBuildConfiguration;
			buildSettings = {
				ASSETCATALOG_COMPILER_APPICON_NAME = AppIcon;
				ASSETCATALOG_COMPILER_GLOBAL_ACCENT_COLOR_NAME = AccentColor;
				CODE_SIGN_STYLE = Automatic;
				CURRENT_PROJECT_VERSION = 1;
				DEVELOPMENT_TEAM = 2A5XAKZYWS;
				GENERATE_INFOPLIST_FILE = YES;
				INFOPLIST_FILE = MovieApp/Info.plist;
				INFOPLIST_KEY_UIApplicationSupportsIndirectInputEvents = YES;
				INFOPLIST_KEY_UILaunchStoryboardName = LaunchScreen;
				INFOPLIST_KEY_UIMainStoryboardFile = Main;
				INFOPLIST_KEY_UISupportedInterfaceOrientations_iPad = "UIInterfaceOrientationPortrait UIInterfaceOrientationPortraitUpsideDown UIInterfaceOrientationLandscapeLeft UIInterfaceOrientationLandscapeRight";
				INFOPLIST_KEY_UISupportedInterfaceOrientations_iPhone = "UIInterfaceOrientationPortrait UIInterfaceOrientationLandscapeLeft UIInterfaceOrientationLandscapeRight";
				LD_RUNPATH_SEARCH_PATHS = (
					"$(inherited)",
					"@executable_path/Frameworks",
				);
				MARKETING_VERSION = 1.0;
				PRODUCT_BUNDLE_IDENTIFIER = com.erimsengezer.MovieApp;
				PRODUCT_NAME = "$(TARGET_NAME)";
				SWIFT_EMIT_LOC_STRINGS = YES;
				SWIFT_VERSION = 5.0;
				TARGETED_DEVICE_FAMILY = "1,2";
			};
			name = Release;
		};
/* End XCBuildConfiguration section */

/* Begin XCConfigurationList section */
		E51BC0CD2B7A74E3006DF973 /* Build configuration list for PBXProject "MovieApp" */ = {
			isa = XCConfigurationList;
			buildConfigurations = (
				E51BC0E42B7A74E4006DF973 /* Debug */,
				E51BC0E52B7A74E4006DF973 /* Release */,
			);
			defaultConfigurationIsVisible = 0;
			defaultConfigurationName = Release;
		};
		E51BC0E62B7A74E4006DF973 /* Build configuration list for PBXNativeTarget "MovieApp" */ = {
			isa = XCConfigurationList;
			buildConfigurations = (
				E51BC0E72B7A74E4006DF973 /* Debug */,
				E51BC0E82B7A74E4006DF973 /* Release */,
			);
			defaultConfigurationIsVisible = 0;
			defaultConfigurationName = Release;
		};
/* End XCConfigurationList section */

/* Begin XCRemoteSwiftPackageReference section */
		E55C87FA2B7AC67400B73E14 /* XCRemoteSwiftPackageReference "Kingfisher" */ = {
			isa = XCRemoteSwiftPackageReference;
			repositoryURL = "https://github.com/onevcat/Kingfisher.git";
			requirement = {
				kind = upToNextMajorVersion;
				minimumVersion = 7.0.0;
			};
		};
		E571B8962B7A841400740201 /* XCRemoteSwiftPackageReference "Moya" */ = {
			isa = XCRemoteSwiftPackageReference;
			repositoryURL = "https://github.com/Moya/Moya.git";
			requirement = {
				kind = upToNextMajorVersion;
				minimumVersion = 15.0.0;
			};
		};
/* End XCRemoteSwiftPackageReference section */

/* Begin XCSwiftPackageProductDependency section */
		E55C87FB2B7AC67400B73E14 /* Kingfisher */ = {
			isa = XCSwiftPackageProductDependency;
			package = E55C87FA2B7AC67400B73E14 /* XCRemoteSwiftPackageReference "Kingfisher" */;
			productName = Kingfisher;
		};
		E571B8972B7A841400740201 /* Moya */ = {
			isa = XCSwiftPackageProductDependency;
			package = E571B8962B7A841400740201 /* XCRemoteSwiftPackageReference "Moya" */;
			productName = Moya;
		};
/* End XCSwiftPackageProductDependency section */
	};
	rootObject = E51BC0CA2B7A74E3006DF973 /* Project object */;
}
